github.com/gloo-foo/framework v0.0.1 h1:RCI+rT/SSY51R3qGLz8u6zjt113dny7Yf2ZM6+MhqHE=
github.com/gloo-foo/framework v0.0.1/go.mod h1:p9P7iz84iZ4+c7BoOrVcKl7yuWVZ79eaCmWkM44FJ4c=
github.com/gloo-foo/framework v0.0.3 h1:1ZmonNQ0ftuIrDEQ2G/mfY4qcODLyECI71UxtEgo1Fw=
github.com/gloo-foo/framework v0.0.3/go.mod h1:p9P7iz84iZ4+c7BoOrVcKl7yuWVZ79eaCmWkM44FJ4c=
github.com/yupsh/tail v0.0.0-20251107224114-66b07669a7df h1:AjPx/bFym/2KhXyHvLczFSZ+n57oy1nCB68b9ZquN3c=
github.com/yupsh/tail v0.0.0-20251107224114-66b07669a7df/go.mod h1:jS3Nz81gFIAxPrsg7uTE1RmMxdPHAZllQT9DkIAqzPs=
github.com/yupsh/tail v0.0.3 h1:AZtE61NpbSArOce3OjdspGpjFDfNe0xYktfxmDe7vU0=
github.com/yupsh/tail v0.0.3/go.mod h1:jS3Nz81gFIAxPrsg7uTE1RmMxdPHAZllQT9DkIAqzPs=
